// !$*UTF8*$!
{
	archiveVersion = 1;
	classes = {
	};
	objectVersion = 77;
	objects = {

/* Begin PBXBuildFile section */
		2F0DAD1CEF4D4C8C9C80722D /* JunoDesignSystem in Frameworks */ = {isa = PBXBuildFile; productRef = DF192D2A4026E9D67ADE8354 /* JunoDesignSystem */; };
		33AFB75B39862CCE4793DDA3 /* JunoMacSearchView.swift in Sources */ = {isa = PBXBuildFile; fileRef = 5D7BD74AC04FDE1F5C7E90BA /* JunoMacSearchView.swift */; };
		426B2B13B00E82D73EF9C0DA /* JunoMacRootView.swift in Sources */ = {isa = PBXBuildFile; fileRef = 97CD354B0BD2F2EEF3293987 /* JunoMacRootView.swift */; };
		55F13CB20944615C0C86FD3F /* Assets.xcassets in Resources */ = {isa = PBXBuildFile; fileRef = 4C9EBC8D50855FD9DCD13445 /* Assets.xcassets */; };
		5A6E570CE22BCA48D933DD3B /* JunoCodeBridge in Frameworks */ = {isa = PBXBuildFile; productRef = 1F539478D11B08380C18A639 /* JunoCodeBridge */; };
		5C98CACC22978DC4AF2DB91D /* JunoSync in Frameworks */ = {isa = PBXBuildFile; productRef = B2E6F20B997DE375F5082AD2 /* JunoSync */; };
		6A2738EFF4F02A729EB969C0 /* JunoMacChatShellUITests.swift in Sources */ = {isa = PBXBuildFile; fileRef = 49A1B6E603BC926BA6903005 /* JunoMacChatShellUITests.swift */; };
		747DA0009881C3DED9D7C758 /* JunoCore in Frameworks */ = {isa = PBXBuildFile; productRef = 47CA0DBD9CBA1468E4C823DC /* JunoCore */; };
		82E3BEDF35BE3243C696F2AD /* JunoMacProductModeTests.swift in Sources */ = {isa = PBXBuildFile; fileRef = CBC06B87A989B3E68E1775BD /* JunoMacProductModeTests.swift */; };
		857DE226B94D1787D977E32E /* JunoCodeUI in Frameworks */ = {isa = PBXBuildFile; productRef = D54AE939B9DF17EA23201112 /* JunoCodeUI */; };
		8D226466EAA6C42DDB505B99 /* JunoAuth in Frameworks */ = {isa = PBXBuildFile; productRef = 1A0F093BDD22823CFE893A25 /* JunoAuth */; };
		970F71E3346FF147E3E857A5 /* JunoMacLaunchUITests.swift in Sources */ = {isa = PBXBuildFile; fileRef = 6EE1F2359F9FF2096C674FCA /* JunoMacLaunchUITests.swift */; };
		ACEE3957769B6DABBBB65ADC /* JunoStorage in Frameworks */ = {isa = PBXBuildFile; productRef = B538D69E7347C15F96A76535 /* JunoStorage */; };
		AE30E9469C645F65D72D66F7 /* JunoCodeRuntime in Frameworks */ = {isa = PBXBuildFile; productRef = 4FD015E7FED1A6B82C0AFA3A /* JunoCodeRuntime */; };
		AFF37CE61AF9A22E9BDC0FBE /* JunoMacChatInspector.swift in Sources */ = {isa = PBXBuildFile; fileRef = 7053347022CB7B7295D66351 /* JunoMacChatInspector.swift */; };
		B3E1EF12AA66D0EA011572A3 /* JunoMacApp.swift in Sources */ = {isa = PBXBuildFile; fileRef = F12913A1789B6010163FED0B /* JunoMacApp.swift */; };
		B5F4857F03258F3F741BF104 /* Localizable.xcstrings in Resources */ = {isa = PBXBuildFile; fileRef = C2D8004C742B19972DF30644 /* Localizable.xcstrings */; };
		C2A8FC2470043AED9FD3C292 /* JunoPreviewSupport in Frameworks */ = {isa = PBXBuildFile; productRef = 134D80E0EB9662BE0FDF8B37 /* JunoPreviewSupport */; };
		CB207D6DA33DE66538965BAC /* JunoMacCodeView.swift in Sources */ = {isa = PBXBuildFile; fileRef = 4612912C0CA41ED1265D66A2 /* JunoMacCodeView.swift */; };
		CF89065E99B35AD9866160BA /* JunoMacSection.swift in Sources */ = {isa = PBXBuildFile; fileRef = B7DCEAE629C223440DD26294 /* JunoMacSection.swift */; };
		D75A56686D5C6740697E6CC4 /* JunoMacComposer.swift in Sources */ = {isa = PBXBuildFile; fileRef = E57A4CB2A8EACC6D5C304C14 /* JunoMacComposer.swift */; };
		D953EAE881C8E73915FE000A /* JunoMacSettingsView.swift in Sources */ = {isa = PBXBuildFile; fileRef = 70EC3645ED06842B9C90548F /* JunoMacSettingsView.swift */; };
		DD464F607343C815D5FF785A /* JunoMacNavigationTests.swift in Sources */ = {isa = PBXBuildFile; fileRef = C98DB955E5529F4E10D704B2 /* JunoMacNavigationTests.swift */; };
		DD9FF7839BCA5995C1712EB6 /* JunoAPI in Frameworks */ = {isa = PBXBuildFile; productRef = 0495607619DAC9BDD525D797 /* JunoAPI */; };
		DE64197E8ABD3C6D606BF267 /* JunoMacSidebar.swift in Sources */ = {isa = PBXBuildFile; fileRef = 670EED34A6F6BAA7930ECE91 /* JunoMacSidebar.swift */; };
		E5EA45ACD5FBDA671F6F64D2 /* JunoMacWebAuthenticationClient.swift in Sources */ = {isa = PBXBuildFile; fileRef = CC993F6407539891B6372C2E /* JunoMacWebAuthenticationClient.swift */; };
		E6F71FFD34B8E4DC59268C2C /* JunoMacChatView.swift in Sources */ = {isa = PBXBuildFile; fileRef = CD58223D998C43B9DD3FB093 /* JunoMacChatView.swift */; };
		F10F88B89FB671AACCB7DB2A /* JunoMacModeSwitcher.swift in Sources */ = {isa = PBXBuildFile; fileRef = 38C816B8CDF33F4C2C135972 /* JunoMacModeSwitcher.swift */; };
		F33BB5A51ECC66B092857090 /* JunoMacProductMode.swift in Sources */ = {isa = PBXBuildFile; fileRef = DAD6983FCF9F7C63E9BD9D2B /* JunoMacProductMode.swift */; };
		FB5012C54D123DBE934BFDB0 /* PrivacyInfo.xcprivacy in Resources */ = {isa = PBXBuildFile; fileRef = 379CEA04E64C399B873C797D /* PrivacyInfo.xcprivacy */; };
		FDE48D73FABC47439ACEAD77 /* JunoChatKit in Frameworks */ = {isa = PBXBuildFile; productRef = B0D2D90B60DB0EB3491D47E1 /* JunoChatKit */; };
/* End PBXBuildFile section */

/* Begin PBXContainerItemProxy section */
		6E258BB67C6A649D7BDCE981 /* PBXContainerItemProxy */ = {
			isa = PBXContainerItemProxy;
			containerPortal = F4030399D578B71D7B988414 /* Project object */;
			proxyType = 1;
			remoteGlobalIDString = DDD09BA164BE41539FA65E3F;
			remoteInfo = JunoMac;
		};
		974F124EE2115D5B5DA07AA5 /* PBXContainerItemProxy */ = {
			isa = PBXContainerItemProxy;
			containerPortal = F4030399D578B71D7B988414 /* Project object */;
			proxyType = 1;
			remoteGlobalIDString = DDD09BA164BE41539FA65E3F;
			remoteInfo = JunoMac;
		};
/* End PBXContainerItemProxy section */

/* Begin PBXFileReference section */
		018B7ED868EEE28D7F1C95EF /* JunoMac-Debug.xcconfig */ = {isa = PBXFileReference; lastKnownFileType = text.xcconfig; path = "JunoMac-Debug.xcconfig"; sourceTree = "<group>"; };
		16DBF974D3373278F7102398 /* JunoMacTests.xctest */ = {isa = PBXFileReference; explicitFileType = wrapper.cfbundle; includeInIndex = 0; path = JunoMacTests.xctest; sourceTree = BUILT_PRODUCTS_DIR; };
		2B25B6652DCD4815B9EAD948 /* JunoCode */ = {isa = PBXFileReference; lastKnownFileType = folder; name = JunoCode; path = ../../Packages/JunoCode; sourceTree = SOURCE_ROOT; };
		379CEA04E64C399B873C797D /* PrivacyInfo.xcprivacy */ = {isa = PBXFileReference; path = PrivacyInfo.xcprivacy; sourceTree = "<group>"; };
		38C816B8CDF33F4C2C135972 /* JunoMacModeSwitcher.swift */ = {isa = PBXFileReference; lastKnownFileType = sourcecode.swift; path = JunoMacModeSwitcher.swift; sourceTree = "<group>"; };
		3E6A895D190D8032986F3FA8 /* JunoMacUITests.xctest */ = {isa = PBXFileReference; explicitFileType = wrapper.cfbundle; includeInIndex = 0; path = JunoMacUITests.xctest; sourceTree = BUILT_PRODUCTS_DIR; };
		4612912C0CA41ED1265D66A2 /* JunoMacCodeView.swift */ = {isa = PBXFileReference; lastKnownFileType = sourcecode.swift; path = JunoMacCodeView.swift; sourceTree = "<group>"; };
		49A1B6E603BC926BA6903005 /* JunoMacChatShellUITests.swift */ = {isa = PBXFileReference; lastKnownFileType = sourcecode.swift; path = JunoMacChatShellUITests.swift; sourceTree = "<group>"; };
		4C9EBC8D50855FD9DCD13445 /* Assets.xcassets */ = {isa = PBXFileReference; lastKnownFileType = folder.assetcatalog; path = Assets.xcassets; sourceTree = "<group>"; };
		5D7BD74AC04FDE1F5C7E90BA /* JunoMacSearchView.swift */ = {isa = PBXFileReference; lastKnownFileType = sourcecode.swift; path = JunoMacSearchView.swift; sourceTree = "<group>"; };
		670EED34A6F6BAA7930ECE91 /* JunoMacSidebar.swift */ = {isa = PBXFileReference; lastKnownFileType = sourcecode.swift; path = JunoMacSidebar.swift; sourceTree = "<group>"; };
		6DA713CF7CFE86C83B65FBC0 /* JunoMac-Stable.xcconfig */ = {isa = PBXFileReference; lastKnownFileType = text.xcconfig; path = "JunoMac-Stable.xcconfig"; sourceTree = "<group>"; };
		6EE1F2359F9FF2096C674FCA /* JunoMacLaunchUITests.swift */ = {isa = PBXFileReference; lastKnownFileType = sourcecode.swift; path = JunoMacLaunchUITests.swift; sourceTree = "<group>"; };
		6F0F2DA8F7A94BA5DB61B9A4 /* JunoMac.app */ = {isa = PBXFileReference; explicitFileType = wrapper.application; includeInIndex = 0; path = JunoMac.app; sourceTree = BUILT_PRODUCTS_DIR; };
		7053347022CB7B7295D66351 /* JunoMacChatInspector.swift */ = {isa = PBXFileReference; lastKnownFileType = sourcecode.swift; path = JunoMacChatInspector.swift; sourceTree = "<group>"; };
		70EC3645ED06842B9C90548F /* JunoMacSettingsView.swift */ = {isa = PBXFileReference; lastKnownFileType = sourcecode.swift; path = JunoMacSettingsView.swift; sourceTree = "<group>"; };
		792B58E305A59E287E5A7808 /* JunoNativeKit */ = {isa = PBXFileReference; lastKnownFileType = folder; name = JunoNativeKit; path = ../../Packages/JunoNativeKit; sourceTree = SOURCE_ROOT; };
		97CD354B0BD2F2EEF3293987 /* JunoMacRootView.swift */ = {isa = PBXFileReference; lastKnownFileType = sourcecode.swift; path = JunoMacRootView.swift; sourceTree = "<group>"; };
		AA34D56D1D8034E67E11913E /* JunoMac-Next.xcconfig */ = {isa = PBXFileReference; lastKnownFileType = text.xcconfig; path = "JunoMac-Next.xcconfig"; sourceTree = "<group>"; };
		B7DCEAE629C223440DD26294 /* JunoMacSection.swift */ = {isa = PBXFileReference; lastKnownFileType = sourcecode.swift; path = JunoMacSection.swift; sourceTree = "<group>"; };
		C2D8004C742B19972DF30644 /* Localizable.xcstrings */ = {isa = PBXFileReference; lastKnownFileType = text.json.xcstrings; path = Localizable.xcstrings; sourceTree = "<group>"; };
		C98DB955E5529F4E10D704B2 /* JunoMacNavigationTests.swift */ = {isa = PBXFileReference; lastKnownFileType = sourcecode.swift; path = JunoMacNavigationTests.swift; sourceTree = "<group>"; };
		CBC06B87A989B3E68E1775BD /* JunoMacProductModeTests.swift */ = {isa = PBXFileReference; lastKnownFileType = sourcecode.swift; path = JunoMacProductModeTests.swift; sourceTree = "<group>"; };
		CC993F6407539891B6372C2E /* JunoMacWebAuthenticationClient.swift */ = {isa = PBXFileReference; lastKnownFileType = sourcecode.swift; path = JunoMacWebAuthenticationClient.swift; sourceTree = "<group>"; };
		CD58223D998C43B9DD3FB093 /* JunoMacChatView.swift */ = {isa = PBXFileReference; lastKnownFileType = sourcecode.swift; path = JunoMacChatView.swift; sourceTree = "<group>"; };
		DAD6983FCF9F7C63E9BD9D2B /* JunoMacProductMode.swift */ = {isa = PBXFileReference; lastKnownFileType = sourcecode.swift; path = JunoMacProductMode.swift; sourceTree = "<group>"; };
		E57A4CB2A8EACC6D5C304C14 /* JunoMacComposer.swift */ = {isa = PBXFileReference; lastKnownFileType = sourcecode.swift; path = JunoMacComposer.swift; sourceTree = "<group>"; };
		F12913A1789B6010163FED0B /* JunoMacApp.swift */ = {isa = PBXFileReference; lastKnownFileType = sourcecode.swift; path = JunoMacApp.swift; sourceTree = "<group>"; };
/* End PBXFileReference section */

/* Begin PBXFrameworksBuildPhase section */
		B4142AB58D2D4A9AF0A2AD99 /* Frameworks */ = {
			isa = PBXFrameworksBuildPhase;
			buildActionMask = 2147483647;
			files = (
				DD9FF7839BCA5995C1712EB6 /* JunoAPI in Frameworks */,
				8D226466EAA6C42DDB505B99 /* JunoAuth in Frameworks */,
				FDE48D73FABC47439ACEAD77 /* JunoChatKit in Frameworks */,
				747DA0009881C3DED9D7C758 /* JunoCore in Frameworks */,
				2F0DAD1CEF4D4C8C9C80722D /* JunoDesignSystem in Frameworks */,
				ACEE3957769B6DABBBB65ADC /* JunoStorage in Frameworks */,
				5C98CACC22978DC4AF2DB91D /* JunoSync in Frameworks */,
				C2A8FC2470043AED9FD3C292 /* JunoPreviewSupport in Frameworks */,
				857DE226B94D1787D977E32E /* JunoCodeUI in Frameworks */,
				AE30E9469C645F65D72D66F7 /* JunoCodeRuntime in Frameworks */,
				5A6E570CE22BCA48D933DD3B /* JunoCodeBridge in Frameworks */,
			);
			runOnlyForDeploymentPostprocessing = 0;
		};
/* End PBXFrameworksBuildPhase section */

/* Begin PBXGroup section */
		04956455F4420721C88999F0 /* native */ = {
			isa = PBXGroup;
			children = (
				BB9D9C431DC2548F4247FDA6 /* Config */,
			);
			name = native;
			path = ../..;
			sourceTree = "<group>";
		};
		177A5E8CC85D5871FA657E1E /* Packages */ = {
			isa = PBXGroup;
			children = (
				2B25B6652DCD4815B9EAD948 /* JunoCode */,
				792B58E305A59E287E5A7808 /* JunoNativeKit */,
			);
			name = Packages;
			sourceTree = "<group>";
		};
		355DDBA1A80ACC43D8F93367 /* UITests */ = {
			isa = PBXGroup;
			children = (
				49A1B6E603BC926BA6903005 /* JunoMacChatShellUITests.swift */,
				6EE1F2359F9FF2096C674FCA /* JunoMacLaunchUITests.swift */,
			);
			path = UITests;
			sourceTree = "<group>";
		};
		4AE46D4410928E257F2B38BB /* Resources */ = {
			isa = PBXGroup;
			children = (
				4C9EBC8D50855FD9DCD13445 /* Assets.xcassets */,
				C2D8004C742B19972DF30644 /* Localizable.xcstrings */,
				379CEA04E64C399B873C797D /* PrivacyInfo.xcprivacy */,
			);
			path = Resources;
			sourceTree = "<group>";
		};
		6242F20D0D1353BFA634BEBB = {
			isa = PBXGroup;
			children = (
				65FDBAE7B4E5E3BCF3EA57A9 /* App */,
				04956455F4420721C88999F0 /* native */,
				177A5E8CC85D5871FA657E1E /* Packages */,
				4AE46D4410928E257F2B38BB /* Resources */,
				EC1A21BFC510AC577E2DB04C /* Tests */,
				355DDBA1A80ACC43D8F93367 /* UITests */,
				E83B354244AC5BB8E736BD9B /* Products */,
			);
			sourceTree = "<group>";
		};
		65FDBAE7B4E5E3BCF3EA57A9 /* App */ = {
			isa = PBXGroup;
			children = (
				F12913A1789B6010163FED0B /* JunoMacApp.swift */,
				7053347022CB7B7295D66351 /* JunoMacChatInspector.swift */,
				CD58223D998C43B9DD3FB093 /* JunoMacChatView.swift */,
				4612912C0CA41ED1265D66A2 /* JunoMacCodeView.swift */,
				E57A4CB2A8EACC6D5C304C14 /* JunoMacComposer.swift */,
				38C816B8CDF33F4C2C135972 /* JunoMacModeSwitcher.swift */,
				DAD6983FCF9F7C63E9BD9D2B /* JunoMacProductMode.swift */,
				97CD354B0BD2F2EEF3293987 /* JunoMacRootView.swift */,
				5D7BD74AC04FDE1F5C7E90BA /* JunoMacSearchView.swift */,
				B7DCEAE629C223440DD26294 /* JunoMacSection.swift */,
				70EC3645ED06842B9C90548F /* JunoMacSettingsView.swift */,
				670EED34A6F6BAA7930ECE91 /* JunoMacSidebar.swift */,
				CC993F6407539891B6372C2E /* JunoMacWebAuthenticationClient.swift */,
			);
			path = App;
			sourceTree = "<group>";
		};
		BB9D9C431DC2548F4247FDA6 /* Config */ = {
			isa = PBXGroup;
			children = (
				018B7ED868EEE28D7F1C95EF /* JunoMac-Debug.xcconfig */,
				AA34D56D1D8034E67E11913E /* JunoMac-Next.xcconfig */,
				6DA713CF7CFE86C83B65FBC0 /* JunoMac-Stable.xcconfig */,
			);
			path = Config;
			sourceTree = "<group>";
		};
		E83B354244AC5BB8E736BD9B /* Products */ = {
			isa = PBXGroup;
			children = (
				6F0F2DA8F7A94BA5DB61B9A4 /* JunoMac.app */,
				16DBF974D3373278F7102398 /* JunoMacTests.xctest */,
				3E6A895D190D8032986F3FA8 /* JunoMacUITests.xctest */,
			);
			name = Products;
			sourceTree = "<group>";
		};
		EC1A21BFC510AC577E2DB04C /* Tests */ = {
			isa = PBXGroup;
			children = (
				C98DB955E5529F4E10D704B2 /* JunoMacNavigationTests.swift */,
				CBC06B87A989B3E68E1775BD /* JunoMacProductModeTests.swift */,
			);
			path = Tests;
			sourceTree = "<group>";
		};
/* End PBXGroup section */

/* Begin PBXNativeTarget section */
		37778E68D00A52E4778E7B15 /* JunoMacTests */ = {
			isa = PBXNativeTarget;
			buildConfigurationList = 211D71AE78595D27C0B38881 /* Build configuration list for PBXNativeTarget "JunoMacTests" */;
			buildPhases = (
				0515ABF9E64B715100963182 /* Sources */,
			);
			buildRules = (
			);
			dependencies = (
				705E1E7C263F8783B921CF18 /* PBXTargetDependency */,
			);
			name = JunoMacTests;
			packageProductDependencies = (
			);
			productName = JunoMacTests;
			productReference = 16DBF974D3373278F7102398 /* JunoMacTests.xctest */;
			productType = "com.apple.product-type.bundle.unit-test";
		};
		80793E4009BDBE47CFB8D09D /* JunoMacUITests */ = {
			isa = PBXNativeTarget;
			buildConfigurationList = CB087B407F1ACC4AC2B43D22 /* Build configuration list for PBXNativeTarget "JunoMacUITests" */;
			buildPhases = (
				B009C94F93045A5A5FB2E1FE /* Sources */,
			);
			buildRules = (
			);
			dependencies = (
				8E330A05BD65EA1B2F7189D0 /* PBXTargetDependency */,
			);
			name = JunoMacUITests;
			packageProductDependencies = (
			);
			productName = JunoMacUITests;
			productReference = 3E6A895D190D8032986F3FA8 /* JunoMacUITests.xctest */;
			productType = "com.apple.product-type.bundle.ui-testing";
		};
		DDD09BA164BE41539FA65E3F /* JunoMac */ = {
			isa = PBXNativeTarget;
			buildConfigurationList = C31A2168D3A93082A063F5DB /* Build configuration list for PBXNativeTarget "JunoMac" */;
			buildPhases = (
				2631CDD06025C00692D07012 /* Sources */,
				7656FF6F2185633B2B02260D /* Resources */,
				B4142AB58D2D4A9AF0A2AD99 /* Frameworks */,
			);
			buildRules = (
			);
			dependencies = (
			);
			name = JunoMac;
			packageProductDependencies = (
				0495607619DAC9BDD525D797 /* JunoAPI */,
				1A0F093BDD22823CFE893A25 /* JunoAuth */,
				B0D2D90B60DB0EB3491D47E1 /* JunoChatKit */,
				47CA0DBD9CBA1468E4C823DC /* JunoCore */,
				DF192D2A4026E9D67ADE8354 /* JunoDesignSystem */,
				B538D69E7347C15F96A76535 /* JunoStorage */,
				B2E6F20B997DE375F5082AD2 /* JunoSync */,
				134D80E0EB9662BE0FDF8B37 /* JunoPreviewSupport */,
				D54AE939B9DF17EA23201112 /* JunoCodeUI */,
				4FD015E7FED1A6B82C0AFA3A /* JunoCodeRuntime */,
				1F539478D11B08380C18A639 /* JunoCodeBridge */,
			);
			productName = JunoMac;
			productReference = 6F0F2DA8F7A94BA5DB61B9A4 /* JunoMac.app */;
			productType = "com.apple.product-type.application";
		};
/* End PBXNativeTarget section */

/* Begin PBXProject section */
		F4030399D578B71D7B988414 /* Project object */ = {
			isa = PBXProject;
			attributes = {
				BuildIndependentTargetsInParallel = YES;
				LastUpgradeCheck = 1430;
				TargetAttributes = {
					80793E4009BDBE47CFB8D09D = {
						TestTargetID = DDD09BA164BE41539FA65E3F;
					};
				};
			};
			buildConfigurationList = E67AEC4F32CCD305759D8C75 /* Build configuration list for PBXProject "JunoMac" */;
			developmentRegion = en;
			hasScannedForEncodings = 0;
			knownRegions = (
				Base,
				en,
				fr,
			);
			mainGroup = 6242F20D0D1353BFA634BEBB;
			minimizedProjectReferenceProxies = 1;
			packageReferences = (
				04C228AA11C07BEBBF2E712C /* XCLocalSwiftPackageReference "../../Packages/JunoCode" */,
				C56D44E45AD00938F3D38FBA /* XCLocalSwiftPackageReference "../../Packages/JunoNativeKit" */,
			);
			preferredProjectObjectVersion = 77;
			productRefGroup = E83B354244AC5BB8E736BD9B /* Products */;
			projectDirPath = "";
			projectRoot = "";
			targets = (
				DDD09BA164BE41539FA65E3F /* JunoMac */,
				37778E68D00A52E4778E7B15 /* JunoMacTests */,
				80793E4009BDBE47CFB8D09D /* JunoMacUITests */,
			);
		};
/* End PBXProject section */

/* Begin PBXResourcesBuildPhase section */
		7656FF6F2185633B2B02260D /* Resources */ = {
			isa = PBXResourcesBuildPhase;
			buildActionMask = 2147483647;
			files = (
				55F13CB20944615C0C86FD3F /* Assets.xcassets in Resources */,
				B5F4857F03258F3F741BF104 /* Localizable.xcstrings in Resources */,
				FB5012C54D123DBE934BFDB0 /* PrivacyInfo.xcprivacy in Resources */,
			);
			runOnlyForDeploymentPostprocessing = 0;
		};
/* End PBXResourcesBuildPhase section */

/* Begin PBXSourcesBuildPhase section */
		0515ABF9E64B715100963182 /* Sources */ = {
			isa = PBXSourcesBuildPhase;
			buildActionMask = 2147483647;
			files = (
				DD464F607343C815D5FF785A /* JunoMacNavigationTests.swift in Sources */,
				82E3BEDF35BE3243C696F2AD /* JunoMacProductModeTests.swift in Sources */,
			);
			runOnlyForDeploymentPostprocessing = 0;
		};
		2631CDD06025C00692D07012 /* Sources */ = {
			isa = PBXSourcesBuildPhase;
			buildActionMask = 2147483647;
			files = (
				B3E1EF12AA66D0EA011572A3 /* JunoMacApp.swift in Sources */,
				AFF37CE61AF9A22E9BDC0FBE /* JunoMacChatInspector.swift in Sources */,
				E6F71FFD34B8E4DC59268C2C /* JunoMacChatView.swift in Sources */,
				CB207D6DA33DE66538965BAC /* JunoMacCodeView.swift in Sources */,
				D75A56686D5C6740697E6CC4 /* JunoMacComposer.swift in Sources */,
				F10F88B89FB671AACCB7DB2A /* JunoMacModeSwitcher.swift in Sources */,
				F33BB5A51ECC66B092857090 /* JunoMacProductMode.swift in Sources */,
				426B2B13B00E82D73EF9C0DA /* JunoMacRootView.swift in Sources */,
				33AFB75B39862CCE4793DDA3 /* JunoMacSearchView.swift in Sources */,
				CF89065E99B35AD9866160BA /* JunoMacSection.swift in Sources */,
				D953EAE881C8E73915FE000A /* JunoMacSettingsView.swift in Sources */,
				DE64197E8ABD3C6D606BF267 /* JunoMacSidebar.swift in Sources */,
				E5EA45ACD5FBDA671F6F64D2 /* JunoMacWebAuthenticationClient.swift in Sources */,
			);
			runOnlyForDeploymentPostprocessing = 0;
		};
		B009C94F93045A5A5FB2E1FE /* Sources */ = {
			isa = PBXSourcesBuildPhase;
			buildActionMask = 2147483647;
			files = (
				6A2738EFF4F02A729EB969C0 /* JunoMacChatShellUITests.swift in Sources */,
				970F71E3346FF147E3E857A5 /* JunoMacLaunchUITests.swift in Sources */,
			);
			runOnlyForDeploymentPostprocessing = 0;
		};
/* End PBXSourcesBuildPhase section */

/* Begin PBXTargetDependency section */
		705E1E7C263F8783B921CF18 /* PBXTargetDependency */ = {
			isa = PBXTargetDependency;
			target = DDD09BA164BE41539FA65E3F /* JunoMac */;
			targetProxy = 6E258BB67C6A649D7BDCE981 /* PBXContainerItemProxy */;
		};
		8E330A05BD65EA1B2F7189D0 /* PBXTargetDependency */ = {
			isa = PBXTargetDependency;
			target = DDD09BA164BE41539FA65E3F /* JunoMac */;
			targetProxy = 974F124EE2115D5B5DA07AA5 /* PBXContainerItemProxy */;
		};
/* End PBXTargetDependency section */

/* Begin XCBuildConfiguration section */
		080C22A3C54B88E1B61A29A0 /* Next */ = {
			isa = XCBuildConfiguration;
			baseConfigurationReference = AA34D56D1D8034E67E11913E /* JunoMac-Next.xcconfig */;
			buildSettings = {
				BUNDLE_LOADER = "$(TEST_HOST)";
				COMBINE_HIDPI_IMAGES = YES;
				GENERATE_INFOPLIST_FILE = YES;
				LD_RUNPATH_SEARCH_PATHS = (
					"$(inherited)",
					"@executable_path/Frameworks",
					"@loader_path/Frameworks",
				);
				PRODUCT_BUNDLE_IDENTIFIER = com.liammagnier.JunoMac.uitests;
				TEST_TARGET_NAME = JunoMac;
			};
			name = Next;
		};
		1908C34C2CAF730EDD43FD61 /* Stable */ = {
			isa = XCBuildConfiguration;
			baseConfigurationReference = 6DA713CF7CFE86C83B65FBC0 /* JunoMac-Stable.xcconfig */;
			buildSettings = {
				ASSETCATALOG_COMPILER_APPICON_NAME = AppIcon;
				CODE_SIGN_ENTITLEMENTS = Resources/JunoMac.entitlements;
				COMBINE_HIDPI_IMAGES = YES;
				GENERATE_INFOPLIST_FILE = NO;
				INFOPLIST_FILE = Resources/Info.plist;
				LD_RUNPATH_SEARCH_PATHS = (
					"$(inherited)",
					"@executable_path/../Frameworks",
				);
			};
			name = Stable;
		};
		22E431EF31808DE9E089C857 /* Next */ = {
			isa = XCBuildConfiguration;
			baseConfigurationReference = AA34D56D1D8034E67E11913E /* JunoMac-Next.xcconfig */;
			buildSettings = {
				ASSETCATALOG_COMPILER_APPICON_NAME = AppIcon;
				CODE_SIGN_ENTITLEMENTS = Resources/JunoMac.entitlements;
				COMBINE_HIDPI_IMAGES = YES;
				GENERATE_INFOPLIST_FILE = NO;
				INFOPLIST_FILE = Resources/Info.plist;
				LD_RUNPATH_SEARCH_PATHS = (
					"$(inherited)",
					"@executable_path/../Frameworks",
				);
			};
			name = Next;
		};
		3005DCDD50D48FE132382AB5 /* Debug */ = {
			isa = XCBuildConfiguration;
			buildSettings = {
				ALWAYS_SEARCH_USER_PATHS = NO;
				CLANG_ANALYZER_NONNULL = YES;
				CLANG_ANALYZER_NUMBER_OBJECT_CONVERSION = YES_AGGRESSIVE;
				CLANG_CXX_LANGUAGE_STANDARD = "gnu++14";
				CLANG_CXX_LIBRARY = "libc++";
				CLANG_ENABLE_MODULES = YES;
				CLANG_ENABLE_OBJC_ARC = YES;
				CLANG_ENABLE_OBJC_WEAK = YES;
				CLANG_WARN_BLOCK_CAPTURE_AUTORELEASING = YES;
				CLANG_WARN_BOOL_CONVERSION = YES;
				CLANG_WARN_COMMA = YES;
				CLANG_WARN_CONSTANT_CONVERSION = YES;
				CLANG_WARN_DEPRECATED_OBJC_IMPLEMENTATIONS = YES;
				CLANG_WARN_DIRECT_OBJC_ISA_USAGE = YES_ERROR;
				CLANG_WARN_DOCUMENTATION_COMMENTS = YES;
				CLANG_WARN_EMPTY_BODY = YES;
				CLANG_WARN_ENUM_CONVERSION = YES;
				CLANG_WARN_INFINITE_RECURSION = YES;
				CLANG_WARN_INT_CONVERSION = YES;
				CLANG_WARN_NON_LITERAL_NULL_CONVERSION = YES;
				CLANG_WARN_OBJC_IMPLICIT_RETAIN_SELF = YES;
				CLANG_WARN_OBJC_LITERAL_CONVERSION = YES;
				CLANG_WARN_OBJC_ROOT_CLASS = YES_ERROR;
				CLANG_WARN_QUOTED_INCLUDE_IN_FRAMEWORK_HEADER = YES;
				CLANG_WARN_RANGE_LOOP_ANALYSIS = YES;
				CLANG_WARN_STRICT_PROTOTYPES = YES;
				CLANG_WARN_SUSPICIOUS_MOVE = YES;
				CLANG_WARN_UNGUARDED_AVAILABILITY = YES_AGGRESSIVE;
				CLANG_WARN_UNREACHABLE_CODE = YES;
				CLANG_WARN__DUPLICATE_METHOD_MATCH = YES;
				COPY_PHASE_STRIP = NO;
				DEBUG_INFORMATION_FORMAT = dwarf;
				ENABLE_STRICT_OBJC_MSGSEND = YES;
				ENABLE_TESTABILITY = YES;
				GCC_C_LANGUAGE_STANDARD = gnu11;
				GCC_DYNAMIC_NO_PIC = NO;
				GCC_NO_COMMON_BLOCKS = YES;
				GCC_OPTIMIZATION_LEVEL = 0;
				GCC_PREPROCESSOR_DEFINITIONS = (
					"$(inherited)",
					"DEBUG=1",
				);
				GCC_WARN_64_TO_32_BIT_CONVERSION = YES;
				GCC_WARN_ABOUT_RETURN_TYPE = YES_ERROR;
				GCC_WARN_UNDECLARED_SELECTOR = YES;
				GCC_WARN_UNINITIALIZED_AUTOS = YES_AGGRESSIVE;
				GCC_WARN_UNUSED_FUNCTION = YES;
				GCC_WARN_UNUSED_VARIABLE = YES;
				MACOSX_DEPLOYMENT_TARGET = 15.0;
				MTL_ENABLE_DEBUG_INFO = INCLUDE_SOURCE;
				MTL_FAST_MATH = YES;
				ONLY_ACTIVE_ARCH = YES;
				PRODUCT_NAME = "$(TARGET_NAME)";
				SDKROOT = macosx;
				SWIFT_ACTIVE_COMPILATION_CONDITIONS = DEBUG;
				SWIFT_OPTIMIZATION_LEVEL = "-Onone";
				SWIFT_VERSION = 5.0;
			};
			name = Debug;
		};
		5BB2747F08F1024DE70F9DEC /* Debug */ = {
			isa = XCBuildConfiguration;
			baseConfigurationReference = 018B7ED868EEE28D7F1C95EF /* JunoMac-Debug.xcconfig */;
			buildSettings = {
				BUNDLE_LOADER = "$(TEST_HOST)";
				COMBINE_HIDPI_IMAGES = YES;
				GENERATE_INFOPLIST_FILE = YES;
				LD_RUNPATH_SEARCH_PATHS = (
					"$(inherited)",
					"@executable_path/../Frameworks",
					"@loader_path/../Frameworks",
				);
				PRODUCT_BUNDLE_IDENTIFIER = com.liammagnier.JunoMac.tests;
				TEST_HOST = "$(BUILT_PRODUCTS_DIR)/JunoMac.app/Contents/MacOS/JunoMac";
			};
			name = Debug;
		};
		86B21D2E788DF0D4EF0D776D /* Debug */ = {
			isa = XCBuildConfiguration;
			baseConfigurationReference = 018B7ED868EEE28D7F1C95EF /* JunoMac-Debug.xcconfig */;
			buildSettings = {
				BUNDLE_LOADER = "$(TEST_HOST)";
				COMBINE_HIDPI_IMAGES = YES;
				GENERATE_INFOPLIST_FILE = YES;
				LD_RUNPATH_SEARCH_PATHS = (
					"$(inherited)",
					"@executable_path/Frameworks",
					"@loader_path/Frameworks",
				);
				PRODUCT_BUNDLE_IDENTIFIER = com.liammagnier.JunoMac.uitests;
				TEST_TARGET_NAME = JunoMac;
			};
			name = Debug;
		};
		9345AC5594768B0E33BE8B22 /* Debug */ = {
			isa = XCBuildConfiguration;
			baseConfigurationReference = 018B7ED868EEE28D7F1C95EF /* JunoMac-Debug.xcconfig */;
			buildSettings = {
				ASSETCATALOG_COMPILER_APPICON_NAME = AppIcon;
				CODE_SIGN_ENTITLEMENTS = Resources/JunoMac.entitlements;
				COMBINE_HIDPI_IMAGES = YES;
				GENERATE_INFOPLIST_FILE = NO;
				INFOPLIST_FILE = Resources/Info.plist;
				LD_RUNPATH_SEARCH_PATHS = (
					"$(inherited)",
					"@executable_path/../Frameworks",
				);
			};
			name = Debug;
		};
		C85FB5AD4D1F23743F7ADC11 /* Stable */ = {
			isa = XCBuildConfiguration;
			buildSettings = {
				ALWAYS_SEARCH_USER_PATHS = NO;
				CLANG_ANALYZER_NONNULL = YES;
				CLANG_ANALYZER_NUMBER_OBJECT_CONVERSION = YES_AGGRESSIVE;
				CLANG_CXX_LANGUAGE_STANDARD = "gnu++14";
				CLANG_CXX_LIBRARY = "libc++";
				CLANG_ENABLE_MODULES = YES;
				CLANG_ENABLE_OBJC_ARC = YES;
				CLANG_ENABLE_OBJC_WEAK = YES;
				CLANG_WARN_BLOCK_CAPTURE_AUTORELEASING = YES;
				CLANG_WARN_BOOL_CONVERSION = YES;
				CLANG_WARN_COMMA = YES;
				CLANG_WARN_CONSTANT_CONVERSION = YES;
				CLANG_WARN_DEPRECATED_OBJC_IMPLEMENTATIONS = YES;
				CLANG_WARN_DIRECT_OBJC_ISA_USAGE = YES_ERROR;
				CLANG_WARN_DOCUMENTATION_COMMENTS = YES;
				CLANG_WARN_EMPTY_BODY = YES;
				CLANG_WARN_ENUM_CONVERSION = YES;
				CLANG_WARN_INFINITE_RECURSION = YES;
				CLANG_WARN_INT_CONVERSION = YES;
				CLANG_WARN_NON_LITERAL_NULL_CONVERSION = YES;
				CLANG_WARN_OBJC_IMPLICIT_RETAIN_SELF = YES;
				CLANG_WARN_OBJC_LITERAL_CONVERSION = YES;
				CLANG_WARN_OBJC_ROOT_CLASS = YES_ERROR;
				CLANG_WARN_QUOTED_INCLUDE_IN_FRAMEWORK_HEADER = YES;
				CLANG_WARN_RANGE_LOOP_ANALYSIS = YES;
				CLANG_WARN_STRICT_PROTOTYPES = YES;
				CLANG_WARN_SUSPICIOUS_MOVE = YES;
				CLANG_WARN_UNGUARDED_AVAILABILITY = YES_AGGRESSIVE;
				CLANG_WARN_UNREACHABLE_CODE = YES;
				CLANG_WARN__DUPLICATE_METHOD_MATCH = YES;
				COPY_PHASE_STRIP = NO;
				DEBUG_INFORMATION_FORMAT = "dwarf-with-dsym";
				ENABLE_NS_ASSERTIONS = NO;
				ENABLE_STRICT_OBJC_MSGSEND = YES;
				GCC_C_LANGUAGE_STANDARD = gnu11;
				GCC_NO_COMMON_BLOCKS = YES;
				GCC_WARN_64_TO_32_BIT_CONVERSION = YES;
				GCC_WARN_ABOUT_RETURN_TYPE = YES_ERROR;
				GCC_WARN_UNDECLARED_SELECTOR = YES;
				GCC_WARN_UNINITIALIZED_AUTOS = YES_AGGRESSIVE;
				GCC_WARN_UNUSED_FUNCTION = YES;
				GCC_WARN_UNUSED_VARIABLE = YES;
				MACOSX_DEPLOYMENT_TARGET = 15.0;
				MTL_ENABLE_DEBUG_INFO = NO;
				MTL_FAST_MATH = YES;
				PRODUCT_NAME = "$(TARGET_NAME)";
				SDKROOT = macosx;
				SWIFT_COMPILATION_MODE = wholemodule;
				SWIFT_OPTIMIZATION_LEVEL = "-O";
				SWIFT_VERSION = 5.0;
			};
			name = Stable;
		};
		DC967F0634C0CD754F250B27 /* Next */ = {
			isa = XCBuildConfiguration;
			baseConfigurationReference = AA34D56D1D8034E67E11913E /* JunoMac-Next.xcconfig */;
			buildSettings = {
				BUNDLE_LOADER = "$(TEST_HOST)";
				COMBINE_HIDPI_IMAGES = YES;
				GENERATE_INFOPLIST_FILE = YES;
				LD_RUNPATH_SEARCH_PATHS = (
					"$(inherited)",
					"@executable_path/../Frameworks",
					"@loader_path/../Frameworks",
				);
				PRODUCT_BUNDLE_IDENTIFIER = com.liammagnier.JunoMac.tests;
				TEST_HOST = "$(BUILT_PRODUCTS_DIR)/JunoMac.app/Contents/MacOS/JunoMac";
			};
			name = Next;
		};
		DE98CDDEB50E31050D8D60F2 /* Stable */ = {
			isa = XCBuildConfiguration;
			baseConfigurationReference = 6DA713CF7CFE86C83B65FBC0 /* JunoMac-Stable.xcconfig */;
			buildSettings = {
				BUNDLE_LOADER = "$(TEST_HOST)";
				COMBINE_HIDPI_IMAGES = YES;
				GENERATE_INFOPLIST_FILE = YES;
				LD_RUNPATH_SEARCH_PATHS = (
					"$(inherited)",
					"@executable_path/Frameworks",
					"@loader_path/Frameworks",
				);
				PRODUCT_BUNDLE_IDENTIFIER = com.liammagnier.JunoMac.uitests;
				TEST_TARGET_NAME = JunoMac;
			};
			name = Stable;
		};
		F7E233809587ED4F88F7975C /* Next */ = {
			isa = XCBuildConfiguration;
			buildSettings = {
				ALWAYS_SEARCH_USER_PATHS = NO;
				CLANG_ANALYZER_NONNULL = YES;
				CLANG_ANALYZER_NUMBER_OBJECT_CONVERSION = YES_AGGRESSIVE;
				CLANG_CXX_LANGUAGE_STANDARD = "gnu++14";
				CLANG_CXX_LIBRARY = "libc++";
				CLANG_ENABLE_MODULES = YES;
				CLANG_ENABLE_OBJC_ARC = YES;
				CLANG_ENABLE_OBJC_WEAK = YES;
				CLANG_WARN_BLOCK_CAPTURE_AUTORELEASING = YES;
				CLANG_WARN_BOOL_CONVERSION = YES;
				CLANG_WARN_COMMA = YES;
				CLANG_WARN_CONSTANT_CONVERSION = YES;
				CLANG_WARN_DEPRECATED_OBJC_IMPLEMENTATIONS = YES;
				CLANG_WARN_DIRECT_OBJC_ISA_USAGE = YES_ERROR;
				CLANG_WARN_DOCUMENTATION_COMMENTS = YES;
				CLANG_WARN_EMPTY_BODY = YES;
				CLANG_WARN_ENUM_CONVERSION = YES;
				CLANG_WARN_INFINITE_RECURSION = YES;
				CLANG_WARN_INT_CONVERSION = YES;
				CLANG_WARN_NON_LITERAL_NULL_CONVERSION = YES;
				CLANG_WARN_OBJC_IMPLICIT_RETAIN_SELF = YES;
				CLANG_WARN_OBJC_LITERAL_CONVERSION = YES;
				CLANG_WARN_OBJC_ROOT_CLASS = YES_ERROR;
				CLANG_WARN_QUOTED_INCLUDE_IN_FRAMEWORK_HEADER = YES;
				CLANG_WARN_RANGE_LOOP_ANALYSIS = YES;
				CLANG_WARN_STRICT_PROTOTYPES = YES;
				CLANG_WARN_SUSPICIOUS_MOVE = YES;
				CLANG_WARN_UNGUARDED_AVAILABILITY = YES_AGGRESSIVE;
				CLANG_WARN_UNREACHABLE_CODE = YES;
				CLANG_WARN__DUPLICATE_METHOD_MATCH = YES;
				COPY_PHASE_STRIP = NO;
				DEBUG_INFORMATION_FORMAT = "dwarf-with-dsym";
				ENABLE_NS_ASSERTIONS = NO;
				ENABLE_STRICT_OBJC_MSGSEND = YES;
				GCC_C_LANGUAGE_STANDARD = gnu11;
				GCC_NO_COMMON_BLOCKS = YES;
				GCC_WARN_64_TO_32_BIT_CONVERSION = YES;
				GCC_WARN_ABOUT_RETURN_TYPE = YES_ERROR;
				GCC_WARN_UNDECLARED_SELECTOR = YES;
				GCC_WARN_UNINITIALIZED_AUTOS = YES_AGGRESSIVE;
				GCC_WARN_UNUSED_FUNCTION = YES;
				GCC_WARN_UNUSED_VARIABLE = YES;
				MACOSX_DEPLOYMENT_TARGET = 15.0;
				MTL_ENABLE_DEBUG_INFO = NO;
				MTL_FAST_MATH = YES;
				PRODUCT_NAME = "$(TARGET_NAME)";
				SDKROOT = macosx;
				SWIFT_COMPILATION_MODE = wholemodule;
				SWIFT_OPTIMIZATION_LEVEL = "-O";
				SWIFT_VERSION = 5.0;
			};
			name = Next;
		};
		FCC5AD9DE32987D053B755CE /* Stable */ = {
			isa = XCBuildConfiguration;
			baseConfigurationReference = 6DA713CF7CFE86C83B65FBC0 /* JunoMac-Stable.xcconfig */;
			buildSettings = {
				BUNDLE_LOADER = "$(TEST_HOST)";
				COMBINE_HIDPI_IMAGES = YES;
				GENERATE_INFOPLIST_FILE = YES;
				LD_RUNPATH_SEARCH_PATHS = (
					"$(inherited)",
					"@executable_path/../Frameworks",
					"@loader_path/../Frameworks",
				);
				PRODUCT_BUNDLE_IDENTIFIER = com.liammagnier.JunoMac.tests;
				TEST_HOST = "$(BUILT_PRODUCTS_DIR)/JunoMac.app/Contents/MacOS/JunoMac";
			};
			name = Stable;
		};
/* End XCBuildConfiguration section */

/* Begin XCConfigurationList section */
		211D71AE78595D27C0B38881 /* Build configuration list for PBXNativeTarget "JunoMacTests" */ = {
			isa = XCConfigurationList;
			buildConfigurations = (
				5BB2747F08F1024DE70F9DEC /* Debug */,
				DC967F0634C0CD754F250B27 /* Next */,
				FCC5AD9DE32987D053B755CE /* Stable */,
			);
			defaultConfigurationIsVisible = 0;
			defaultConfigurationName = Debug;
		};
		C31A2168D3A93082A063F5DB /* Build configuration list for PBXNativeTarget "JunoMac" */ = {
			isa = XCConfigurationList;
			buildConfigurations = (
				9345AC5594768B0E33BE8B22 /* Debug */,
				22E431EF31808DE9E089C857 /* Next */,
				1908C34C2CAF730EDD43FD61 /* Stable */,
			);
			defaultConfigurationIsVisible = 0;
			defaultConfigurationName = Debug;
		};
		CB087B407F1ACC4AC2B43D22 /* Build configuration list for PBXNativeTarget "JunoMacUITests" */ = {
			isa = XCConfigurationList;
			buildConfigurations = (
				86B21D2E788DF0D4EF0D776D /* Debug */,
				080C22A3C54B88E1B61A29A0 /* Next */,
				DE98CDDEB50E31050D8D60F2 /* Stable */,
			);
			defaultConfigurationIsVisible = 0;
			defaultConfigurationName = Debug;
		};
		E67AEC4F32CCD305759D8C75 /* Build configuration list for PBXProject "JunoMac" */ = {
			isa = XCConfigurationList;
			buildConfigurations = (
				3005DCDD50D48FE132382AB5 /* Debug */,
				F7E233809587ED4F88F7975C /* Next */,
				C85FB5AD4D1F23743F7ADC11 /* Stable */,
			);
			defaultConfigurationIsVisible = 0;
			defaultConfigurationName = Debug;
		};
/* End XCConfigurationList section */

/* Begin XCLocalSwiftPackageReference section */
		04C228AA11C07BEBBF2E712C /* XCLocalSwiftPackageReference "../../Packages/JunoCode" */ = {
			isa = XCLocalSwiftPackageReference;
			relativePath = ../../Packages/JunoCode;
		};
		C56D44E45AD00938F3D38FBA /* XCLocalSwiftPackageReference "../../Packages/JunoNativeKit" */ = {
			isa = XCLocalSwiftPackageReference;
			relativePath = ../../Packages/JunoNativeKit;
		};
/* End XCLocalSwiftPackageReference section */

/* Begin XCSwiftPackageProductDependency section */
		0495607619DAC9BDD525D797 /* JunoAPI */ = {
			isa = XCSwiftPackageProductDependency;
			productName = JunoAPI;
		};
		134D80E0EB9662BE0FDF8B37 /* JunoPreviewSupport */ = {
			isa = XCSwiftPackageProductDependency;
			productName = JunoPreviewSupport;
		};
		1A0F093BDD22823CFE893A25 /* JunoAuth */ = {
			isa = XCSwiftPackageProductDependency;
			productName = JunoAuth;
		};
		1F539478D11B08380C18A639 /* JunoCodeBridge */ = {
			isa = XCSwiftPackageProductDependency;
			productName = JunoCodeBridge;
		};
		47CA0DBD9CBA1468E4C823DC /* JunoCore */ = {
			isa = XCSwiftPackageProductDependency;
			productName = JunoCore;
		};
		4FD015E7FED1A6B82C0AFA3A /* JunoCodeRuntime */ = {
			isa = XCSwiftPackageProductDependency;
			productName = JunoCodeRuntime;
		};
		B0D2D90B60DB0EB3491D47E1 /* JunoChatKit */ = {
			isa = XCSwiftPackageProductDependency;
			productName = JunoChatKit;
		};
		B2E6F20B997DE375F5082AD2 /* JunoSync */ = {
			isa = XCSwiftPackageProductDependency;
			productName = JunoSync;
		};
		B538D69E7347C15F96A76535 /* JunoStorage */ = {
			isa = XCSwiftPackageProductDependency;
			productName = JunoStorage;
		};
		D54AE939B9DF17EA23201112 /* JunoCodeUI */ = {
			isa = XCSwiftPackageProductDependency;
			productName = JunoCodeUI;
		};
		DF192D2A4026E9D67ADE8354 /* JunoDesignSystem */ = {
			isa = XCSwiftPackageProductDependency;
			productName = JunoDesignSystem;
		};
/* End XCSwiftPackageProductDependency section */
	};
	rootObject = F4030399D578B71D7B988414 /* Project object */;
}
